// !$*UTF8*$!
{
	archiveVersion = 1;
	classes = {
	};
	objectVersion = 55;
	objects = {

/* Begin PBXBuildFile section */
		6AA06384280A73F600EF63A5 /* AppDelegate.m in Sources */ = {isa = PBXBuildFile; fileRef = 6AA06383280A73F600EF63A5 /* AppDelegate.m */; };
		6AA06387280A73F600EF63A5 /* SceneDelegate.m in Sources */ = {isa = PBXBuildFile; fileRef = 6AA06386280A73F600EF63A5 /* SceneDelegate.m */; };
		6AA0638A280A73F600EF63A5 /* ViewController.m in Sources */ = {isa = PBXBuildFile; fileRef = 6AA06389280A73F600EF63A5 /* ViewController.m */; };
		6AA0638D280A73F600EF63A5 /* Main.storyboard in Resources */ = {isa = PBXBuildFile; fileRef = 6AA0638B280A73F600EF63A5 /* Main.storyboard */; };
		6AA0638F280A73F900EF63A5 /* Assets.xcassets in Resources */ = {isa = PBXBuildFile; fileRef = 6AA0638E280A73F900EF63A5 /* Assets.xcassets */; };
		6AA06392280A73F900EF63A5 /* LaunchScreen.storyboard in Resources */ = {isa = PBXBuildFile; fileRef = 6AA06390280A73F900EF63A5 /* LaunchScreen.storyboard */; };
		6AA06395280A73F900EF63A5 /* main.m in Sources */ = {isa = PBXBuildFile; fileRef = 6AA06394280A73F900EF63A5 /* main.m */; };
		6AA0639F280A73FA00EF63A5 /* MediaDemoTests.m in Sources */ = {isa = PBXBuildFile; fileRef = 6AA0639E280A73FA00EF63A5 /* MediaDemoTests.m */; };
		6AA063A9280A73FA00EF63A5 /* MediaDemoUITests.m in Sources */ = {isa = PBXBuildFile; fileRef = 6AA063A8280A73FA00EF63A5 /* MediaDemoUITests.m */; };
		6AA063AB280A73FA00EF63A5 /* MediaDemoUITestsLaunchTests.m in Sources */ = {isa = PBXBuildFile; fileRef = 6AA063AA280A73FA00EF63A5 /* MediaDemoUITestsLaunchTests.m */; };
		6AA063B9280A741E00EF63A5 /* CMAuidoPlayer_PCM.m in Sources */ = {isa = PBXBuildFile; fileRef = 6AA063B7280A741E00EF63A5 /* CMAuidoPlayer_PCM.m */; };
		6AA063BC280A743D00EF63A5 /* CMAudioSession_PCM.m in Sources */ = {isa = PBXBuildFile; fileRef = 6AA063BA280A743D00EF63A5 /* CMAudioSession_PCM.m */; };
		6AAF2FDB2B3D05A700EC295A /* AudioUnitController.m in Sources */ = {isa = PBXBuildFile; fileRef = 6AAF2FD92B3D05A700EC295A /* AudioUnitController.m */; };
		6AAF2FDC2B3D05A700EC295A /* AudioUnitController.xib in Resources */ = {isa = PBXBuildFile; fileRef = 6AAF2FDA2B3D05A700EC295A /* AudioUnitController.xib */; };
		6AAF2FE02B3D05D500EC295A /* AudioUnitGraphController.m in Sources */ = {isa = PBXBuildFile; fileRef = 6AAF2FDE2B3D05D500EC295A /* AudioUnitGraphController.m */; };
		6AAF2FE12B3D05D500EC295A /* AudioUnitGraphController.xib in Resources */ = {isa = PBXBuildFile; fileRef = 6AAF2FDF2B3D05D500EC295A /* AudioUnitGraphController.xib */; };
		6AAF4EBA2963216600EB8088 /* Auido_44100.pcm in Resources */ = {isa = PBXBuildFile; fileRef = 6AAF4EB82963216600EB8088 /* Auido_44100.pcm */; };
		6AAF4EBB2963216600EB8088 /* Auido_8000.pcm in Resources */ = {isa = PBXBuildFile; fileRef = 6AAF4EB92963216600EB8088 /* Auido_8000.pcm */; };
		6AB3F3182B32C18400EAC254 /* CMAudioSessionMixer.m in Sources */ = {isa = PBXBuildFile; fileRef = 6AB3F3172B32C18400EAC254 /* CMAudioSessionMixer.m */; };
		6ACB3CD22B2A93330091094A /* InterpolateLinear.cpp in Sources */ = {isa = PBXBuildFile; fileRef = 6ACB3CB42B2A93330091094A /* InterpolateLinear.cpp */; };
		6ACB3CD32B2A93330091094A /* InterpolateCubic.cpp in Sources */ = {isa = PBXBuildFile; fileRef = 6ACB3CB62B2A93330091094A /* InterpolateCubic.cpp */; };
		6ACB3CD42B2A93330091094A /* AAFilter.cpp in Sources */ = {isa = PBXBuildFile; fileRef = 6ACB3CB72B2A93330091094A /* AAFilter.cpp */; };
		6ACB3CD52B2A93330091094A /* sse_optimized.cpp in Sources */ = {isa = PBXBuildFile; fileRef = 6ACB3CB82B2A93330091094A /* sse_optimized.cpp */; };
		6ACB3CD62B2A93330091094A /* TDStretch.cpp in Sources */ = {isa = PBXBuildFile; fileRef = 6ACB3CB92B2A93330091094A /* TDStretch.cpp */; };
		6ACB3CD72B2A93330091094A /* cpu_detect_x86.cpp in Sources */ = {isa = PBXBuildFile; fileRef = 6ACB3CC42B2A93330091094A /* cpu_detect_x86.cpp */; };
		6ACB3CD82B2A93330091094A /* PeakFinder.cpp in Sources */ = {isa = PBXBuildFile; fileRef = 6ACB3CC52B2A93330091094A /* PeakFinder.cpp */; };
		6ACB3CD92B2A93330091094A /* FIFOSampleBuffer.cpp in Sources */ = {isa = PBXBuildFile; fileRef = 6ACB3CC62B2A93330091094A /* FIFOSampleBuffer.cpp */; };
		6ACB3CDA2B2A93330091094A /* FIRFilter.cpp in Sources */ = {isa = PBXBuildFile; fileRef = 6ACB3CC72B2A93330091094A /* FIRFilter.cpp */; };
		6ACB3CDB2B2A93330091094A /* mmx_optimized.cpp in Sources */ = {isa = PBXBuildFile; fileRef = 6ACB3CCA2B2A93330091094A /* mmx_optimized.cpp */; };
		6ACB3CDC2B2A93330091094A /* RateTransposer.cpp in Sources */ = {isa = PBXBuildFile; fileRef = 6ACB3CCB2B2A93330091094A /* RateTransposer.cpp */; };
		6ACB3CDD2B2A93330091094A /* SoundTouch.cpp in Sources */ = {isa = PBXBuildFile; fileRef = 6ACB3CCC2B2A93330091094A /* SoundTouch.cpp */; };
		6ACB3CDE2B2A93330091094A /* BPMDetect.cpp in Sources */ = {isa = PBXBuildFile; fileRef = 6ACB3CCD2B2A93330091094A /* BPMDetect.cpp */; };
		6ACB3CDF2B2A93330091094A /* InterpolateShannon.cpp in Sources */ = {isa = PBXBuildFile; fileRef = 6ACB3CD02B2A93330091094A /* InterpolateShannon.cpp */; };
		6AD135862B858E6000EB8C02 /* TestViewController.m in Sources */ = {isa = PBXBuildFile; fileRef = 6AD135842B858E6000EB8C02 /* TestViewController.m */; };
		6AD135872B858E6000EB8C02 /* TestViewController.xib in Resources */ = {isa = PBXBuildFile; fileRef = 6AD135852B858E6000EB8C02 /* TestViewController.xib */; };
		6AE21A292B3D1B220054A817 /* AudioFileManager.m in Sources */ = {isa = PBXBuildFile; fileRef = 6AE21A282B3D1B220054A817 /* AudioFileManager.m */; };
		6AE21A342B3D69810054A817 /* QCHUDView.m in Sources */ = {isa = PBXBuildFile; fileRef = 6AE21A2E2B3D69800054A817 /* QCHUDView.m */; };
		6AE21A352B3D69810054A817 /* UIView+QCHUD.m in Sources */ = {isa = PBXBuildFile; fileRef = 6AE21A2F2B3D69800054A817 /* UIView+QCHUD.m */; };
		6AE21A362B3D69810054A817 /* QCHUDTool.m in Sources */ = {isa = PBXBuildFile; fileRef = 6AE21A332B3D69810054A817 /* QCHUDTool.m */; };
		6AF245A62BA19F300013FF4F /* record.pcm in Resources */ = {isa = PBXBuildFile; fileRef = 6AF245A52BA19F300013FF4F /* record.pcm */; };
/* End PBXBuildFile section */

/* Begin PBXContainerItemProxy section */
		6AA0639B280A73FA00EF63A5 /* PBXContainerItemProxy */ = {
			isa = PBXContainerItemProxy;
			containerPortal = 6AA06377280A73F600EF63A5 /* Project object */;
			proxyType = 1;
			remoteGlobalIDString = 6AA0637E280A73F600EF63A5;
			remoteInfo = MediaDemo;
		};
		6AA063A5280A73FA00EF63A5 /* PBXContainerItemProxy */ = {
			isa = PBXContainerItemProxy;
			containerPortal = 6AA06377280A73F600EF63A5 /* Project object */;
			proxyType = 1;
			remoteGlobalIDString = 6AA0637E280A73F600EF63A5;
			remoteInfo = MediaDemo;
		};
/* End PBXContainerItemProxy section */

/* Begin PBXFileReference section */
		6AA0637F280A73F600EF63A5 /* MediaDemo.app */ = {isa = PBXFileReference; explicitFileType = wrapper.application; includeInIndex = 0; path = MediaDemo.app; sourceTree = BUILT_PRODUCTS_DIR; };
		6AA06382280A73F600EF63A5 /* AppDelegate.h */ = {isa = PBXFileReference; lastKnownFileType = sourcecode.c.h; path = AppDelegate.h; sourceTree = "<group>"; };
		6AA06383280A73F600EF63A5 /* AppDelegate.m */ = {isa = PBXFileReference; lastKnownFileType = sourcecode.c.objc; path = AppDelegate.m; sourceTree = "<group>"; };
		6AA06385280A73F600EF63A5 /* SceneDelegate.h */ = {isa = PBXFileReference; lastKnownFileType = sourcecode.c.h; path = SceneDelegate.h; sourceTree = "<group>"; };
		6AA06386280A73F600EF63A5 /* SceneDelegate.m */ = {isa = PBXFileReference; lastKnownFileType = sourcecode.c.objc; path = SceneDelegate.m; sourceTree = "<group>"; };
		6AA06388280A73F600EF63A5 /* ViewController.h */ = {isa = PBXFileReference; lastKnownFileType = sourcecode.c.h; path = ViewController.h; sourceTree = "<group>"; };
		6AA06389280A73F600EF63A5 /* ViewController.m */ = {isa = PBXFileReference; lastKnownFileType = sourcecode.c.objc; path = ViewController.m; sourceTree = "<group>"; };
		6AA0638C280A73F600EF63A5 /* Base */ = {isa = PBXFileReference; lastKnownFileType = file.storyboard; name = Base; path = Base.lproj/Main.storyboard; sourceTree = "<group>"; };
		6AA0638E280A73F900EF63A5 /* Assets.xcassets */ = {isa = PBXFileReference; lastKnownFileType = folder.assetcatalog; path = Assets.xcassets; sourceTree = "<group>"; };
		6AA06391280A73F900EF63A5 /* Base */ = {isa = PBXFileReference; lastKnownFileType = file.storyboard; name = Base; path = Base.lproj/LaunchScreen.storyboard; sourceTree = "<group>"; };
		6AA06393280A73F900EF63A5 /* Info.plist */ = {isa = PBXFileReference; lastKnownFileType = text.plist.xml; path = Info.plist; sourceTree = "<group>"; };
		6AA06394280A73F900EF63A5 /* main.m */ = {isa = PBXFileReference; lastKnownFileType = sourcecode.c.objc; path = main.m; sourceTree = "<group>"; };
		6AA0639A280A73F900EF63A5 /* MediaDemoTests.xctest */ = {isa = PBXFileReference; explicitFileType = wrapper.cfbundle; includeInIndex = 0; path = MediaDemoTests.xctest; sourceTree = BUILT_PRODUCTS_DIR; };
		6AA0639E280A73FA00EF63A5 /* MediaDemoTests.m */ = {isa = PBXFileReference; lastKnownFileType = sourcecode.c.objc; path = MediaDemoTests.m; sourceTree = "<group>"; };
		6AA063A4280A73FA00EF63A5 /* MediaDemoUITests.xctest */ = {isa = PBXFileReference; explicitFileType = wrapper.cfbundle; includeInIndex = 0; path = MediaDemoUITests.xctest; sourceTree = BUILT_PRODUCTS_DIR; };
		6AA063A8280A73FA00EF63A5 /* MediaDemoUITests.m */ = {isa = PBXFileReference; lastKnownFileType = sourcecode.c.objc; path = MediaDemoUITests.m; sourceTree = "<group>"; };
		6AA063AA280A73FA00EF63A5 /* MediaDemoUITestsLaunchTests.m */ = {isa = PBXFileReference; lastKnownFileType = sourcecode.c.objc; path = MediaDemoUITestsLaunchTests.m; sourceTree = "<group>"; };
		6AA063B7280A741E00EF63A5 /* CMAuidoPlayer_PCM.m */ = {isa = PBXFileReference; fileEncoding = 4; lastKnownFileType = sourcecode.c.objc; path = CMAuidoPlayer_PCM.m; sourceTree = "<group>"; };
		6AA063B8280A741E00EF63A5 /* CMAuidoPlayer_PCM.h */ = {isa = PBXFileReference; fileEncoding = 4; lastKnownFileType = sourcecode.c.h; path = CMAuidoPlayer_PCM.h; sourceTree = "<group>"; };
		6AA063BA280A743D00EF63A5 /* CMAudioSession_PCM.m */ = {isa = PBXFileReference; explicitFileType = sourcecode.c.objc; fileEncoding = 4; path = CMAudioSession_PCM.m; sourceTree = "<group>"; };
		6AA063BB280A743D00EF63A5 /* CMAudioSession_PCM.h */ = {isa = PBXFileReference; fileEncoding = 4; lastKnownFileType = sourcecode.c.h; path = CMAudioSession_PCM.h; sourceTree = "<group>"; };
		6AAF2FD82B3D05A700EC295A /* AudioUnitController.h */ = {isa = PBXFileReference; lastKnownFileType = sourcecode.c.h; path = AudioUnitController.h; sourceTree = "<group>"; };
		6AAF2FD92B3D05A700EC295A /* AudioUnitController.m */ = {isa = PBXFileReference; lastKnownFileType = sourcecode.c.objc; path = AudioUnitController.m; sourceTree = "<group>"; };
		6AAF2FDA2B3D05A700EC295A /* AudioUnitController.xib */ = {isa = PBXFileReference; lastKnownFileType = file.xib; path = AudioUnitController.xib; sourceTree = "<group>"; };
		6AAF2FDD2B3D05D500EC295A /* AudioUnitGraphController.h */ = {isa = PBXFileReference; lastKnownFileType = sourcecode.c.h; path = AudioUnitGraphController.h; sourceTree = "<group>"; };
		6AAF2FDE2B3D05D500EC295A /* AudioUnitGraphController.m */ = {isa = PBXFileReference; lastKnownFileType = sourcecode.c.objc; path = AudioUnitGraphController.m; sourceTree = "<group>"; };
		6AAF2FDF2B3D05D500EC295A /* AudioUnitGraphController.xib */ = {isa = PBXFileReference; lastKnownFileType = file.xib; path = AudioUnitGraphController.xib; sourceTree = "<group>"; };
		6AAF4EB82963216600EB8088 /* Auido_44100.pcm */ = {isa = PBXFileReference; lastKnownFileType = file; path = Auido_44100.pcm; sourceTree = "<group>"; };
		6AAF4EB92963216600EB8088 /* Auido_8000.pcm */ = {isa = PBXFileReference; lastKnownFileType = file; path = Auido_8000.pcm; sourceTree = "<group>"; };
		6AB3F3162B32C18400EAC254 /* CMAudioSessionMixer.h */ = {isa = PBXFileReference; lastKnownFileType = sourcecode.c.h; path = CMAudioSessionMixer.h; sourceTree = "<group>"; };
		6AB3F3172B32C18400EAC254 /* CMAudioSessionMixer.m */ = {isa = PBXFileReference; lastKnownFileType = sourcecode.c.objc; path = CMAudioSessionMixer.m; sourceTree = "<group>"; };
		6ACB3CB42B2A93330091094A /* InterpolateLinear.cpp */ = {isa = PBXFileReference; fileEncoding = 4; lastKnownFileType = sourcecode.cpp.cpp; path = InterpolateLinear.cpp; sourceTree = "<group>"; };
		6ACB3CB52B2A93330091094A /* TDStretch.h */ = {isa = PBXFileReference; fileEncoding = 4; lastKnownFileType = sourcecode.c.h; path = TDStretch.h; sourceTree = "<group>"; };
		6ACB3CB62B2A93330091094A /* InterpolateCubic.cpp */ = {isa = PBXFileReference; fileEncoding = 4; lastKnownFileType = sourcecode.cpp.cpp; path = InterpolateCubic.cpp; sourceTree = "<group>"; };
		6ACB3CB72B2A93330091094A /* AAFilter.cpp */ = {isa = PBXFileReference; fileEncoding = 4; lastKnownFileType = sourcecode.cpp.cpp; path = AAFilter.cpp; sourceTree = "<group>"; };
		6ACB3CB82B2A93330091094A /* sse_optimized.cpp */ = {isa = PBXFileReference; fileEncoding = 4; lastKnownFileType = sourcecode.cpp.cpp; path = sse_optimized.cpp; sourceTree = "<group>"; };
		6ACB3CB92B2A93330091094A /* TDStretch.cpp */ = {isa = PBXFileReference; fileEncoding = 4; lastKnownFileType = sourcecode.cpp.cpp; path = TDStretch.cpp; sourceTree = "<group>"; };
		6ACB3CBA2B2A93330091094A /* InterpolateShannon.h */ = {isa = PBXFileReference; fileEncoding = 4; lastKnownFileType = sourcecode.c.h; path = InterpolateShannon.h; sourceTree = "<group>"; };
		6ACB3CBC2B2A93330091094A /* FIFOSampleBuffer.h */ = {isa = PBXFileReference; fileEncoding = 4; lastKnownFileType = sourcecode.c.h; path = FIFOSampleBuffer.h; sourceTree = "<group>"; };
		6ACB3CBD2B2A93330091094A /* STTypes.h */ = {isa = PBXFileReference; fileEncoding = 4; lastKnownFileType = sourcecode.c.h; path = STTypes.h; sourceTree = "<group>"; };
		6ACB3CBE2B2A93330091094A /* BPMDetect.h */ = {isa = PBXFileReference; fileEncoding = 4; lastKnownFileType = sourcecode.c.h; path = BPMDetect.h; sourceTree = "<group>"; };
		6ACB3CBF2B2A93330091094A /* SoundTouch.h */ = {isa = PBXFileReference; fileEncoding = 4; lastKnownFileType = sourcecode.c.h; path = SoundTouch.h; sourceTree = "<group>"; };
		6ACB3CC02B2A93330091094A /* soundtouch_config.h */ = {isa = PBXFileReference; fileEncoding = 4; lastKnownFileType = sourcecode.c.h; path = soundtouch_config.h; sourceTree = "<group>"; };
		6ACB3CC12B2A93330091094A /* FIFOSamplePipe.h */ = {isa = PBXFileReference; fileEncoding = 4; lastKnownFileType = sourcecode.c.h; path = FIFOSamplePipe.h; sourceTree = "<group>"; };
		6ACB3CC22B2A93330091094A /* cpu_detect.h */ = {isa = PBXFileReference; fileEncoding = 4; lastKnownFileType = sourcecode.c.h; path = cpu_detect.h; sourceTree = "<group>"; };
		6ACB3CC32B2A93330091094A /* AAFilter.h */ = {isa = PBXFileReference; fileEncoding = 4; lastKnownFileType = sourcecode.c.h; path = AAFilter.h; sourceTree = "<group>"; };
		6ACB3CC42B2A93330091094A /* cpu_detect_x86.cpp */ = {isa = PBXFileReference; fileEncoding = 4; lastKnownFileType = sourcecode.cpp.cpp; path = cpu_detect_x86.cpp; sourceTree = "<group>"; };
		6ACB3CC52B2A93330091094A /* PeakFinder.cpp */ = {isa = PBXFileReference; fileEncoding = 4; lastKnownFileType = sourcecode.cpp.cpp; path = PeakFinder.cpp; sourceTree = "<group>"; };
		6ACB3CC62B2A93330091094A /* FIFOSampleBuffer.cpp */ = {isa = PBXFileReference; fileEncoding = 4; lastKnownFileType = sourcecode.cpp.cpp; path = FIFOSampleBuffer.cpp; sourceTree = "<group>"; };
		6ACB3CC72B2A93330091094A /* FIRFilter.cpp */ = {isa = PBXFileReference; fileEncoding = 4; lastKnownFileType = sourcecode.cpp.cpp; path = FIRFilter.cpp; sourceTree = "<group>"; };
		6ACB3CC82B2A93330091094A /* FIRFilter.h */ = {isa = PBXFileReference; fileEncoding = 4; lastKnownFileType = sourcecode.c.h; path = FIRFilter.h; sourceTree = "<group>"; };
		6ACB3CC92B2A93330091094A /* InterpolateCubic.h */ = {isa = PBXFileReference; fileEncoding = 4; lastKnownFileType = sourcecode.c.h; path = InterpolateCubic.h; sourceTree = "<group>"; };
		6ACB3CCA2B2A93330091094A /* mmx_optimized.cpp */ = {isa = PBXFileReference; fileEncoding = 4; lastKnownFileType = sourcecode.cpp.cpp; path = mmx_optimized.cpp; sourceTree = "<group>"; };
		6ACB3CCB2B2A93330091094A /* RateTransposer.cpp */ = {isa = PBXFileReference; fileEncoding = 4; lastKnownFileType = sourcecode.cpp.cpp; path = RateTransposer.cpp; sourceTree = "<group>"; };
		6ACB3CCC2B2A93330091094A /* SoundTouch.cpp */ = {isa = PBXFileReference; fileEncoding = 4; lastKnownFileType = sourcecode.cpp.cpp; path = SoundTouch.cpp; sourceTree = "<group>"; };
		6ACB3CCD2B2A93330091094A /* BPMDetect.cpp */ = {isa = PBXFileReference; fileEncoding = 4; lastKnownFileType = sourcecode.cpp.cpp; path = BPMDetect.cpp; sourceTree = "<group>"; };
		6ACB3CCE2B2A93330091094A /* PeakFinder.h */ = {isa = PBXFileReference; fileEncoding = 4; lastKnownFileType = sourcecode.c.h; path = PeakFinder.h; sourceTree = "<group>"; };
		6ACB3CCF2B2A93330091094A /* RateTransposer.h */ = {isa = PBXFileReference; fileEncoding = 4; lastKnownFileType = sourcecode.c.h; path = RateTransposer.h; sourceTree = "<group>"; };
		6ACB3CD02B2A93330091094A /* InterpolateShannon.cpp */ = {isa = PBXFileReference; fileEncoding = 4; lastKnownFileType = sourcecode.cpp.cpp; path = InterpolateShannon.cpp; sourceTree = "<group>"; };
		6ACB3CD12B2A93330091094A /* InterpolateLinear.h */ = {isa = PBXFileReference; fileEncoding = 4; lastKnownFileType = sourcecode.c.h; path = InterpolateLinear.h; sourceTree = "<group>"; };
		6AD135832B858E6000EB8C02 /* TestViewController.h */ = {isa = PBXFileReference; lastKnownFileType = sourcecode.c.h; path = TestViewController.h; sourceTree = "<group>"; };
		6AD135842B858E6000EB8C02 /* TestViewController.m */ = {isa = PBXFileReference; lastKnownFileType = sourcecode.c.objc; path = TestViewController.m; sourceTree = "<group>"; };
		6AD135852B858E6000EB8C02 /* TestViewController.xib */ = {isa = PBXFileReference; lastKnownFileType = file.xib; path = TestViewController.xib; sourceTree = "<group>"; };
		6AE21A272B3D1B220054A817 /* AudioFileManager.h */ = {isa = PBXFileReference; lastKnownFileType = sourcecode.c.h; path = AudioFileManager.h; sourceTree = "<group>"; };
		6AE21A282B3D1B220054A817 /* AudioFileManager.m */ = {isa = PBXFileReference; lastKnownFileType = sourcecode.c.objc; path = AudioFileManager.m; sourceTree = "<group>"; };
		6AE21A2C2B3D4E330054A817 /* PrefixHeader.pch */ = {isa = PBXFileReference; lastKnownFileType = sourcecode.c.h; path = PrefixHeader.pch; sourceTree = "<group>"; };
		6AE21A2E2B3D69800054A817 /* QCHUDView.m */ = {isa = PBXFileReference; fileEncoding = 4; lastKnownFileType = sourcecode.c.objc; path = QCHUDView.m; sourceTree = "<group>"; };
		6AE21A2F2B3D69800054A817 /* UIView+QCHUD.m */ = {isa = PBXFileReference; fileEncoding = 4; lastKnownFileType = sourcecode.c.objc; path = "UIView+QCHUD.m"; sourceTree = "<group>"; };
		6AE21A302B3D69800054A817 /* QCHUDTool.h */ = {isa = PBXFileReference; fileEncoding = 4; lastKnownFileType = sourcecode.c.h; path = QCHUDTool.h; sourceTree = "<group>"; };
		6AE21A312B3D69810054A817 /* QCHUDView.h */ = {isa = PBXFileReference; fileEncoding = 4; lastKnownFileType = sourcecode.c.h; path = QCHUDView.h; sourceTree = "<group>"; };
		6AE21A322B3D69810054A817 /* UIView+QCHUD.h */ = {isa = PBXFileReference; fileEncoding = 4; lastKnownFileType = sourcecode.c.h; path = "UIView+QCHUD.h"; sourceTree = "<group>"; };
		6AE21A332B3D69810054A817 /* QCHUDTool.m */ = {isa = PBXFileReference; fileEncoding = 4; lastKnownFileType = sourcecode.c.objc; path = QCHUDTool.m; sourceTree = "<group>"; };
		6AF245A52BA19F300013FF4F /* record.pcm */ = {isa = PBXFileReference; lastKnownFileType = file; path = record.pcm; sourceTree = "<group>"; };
/* End PBXFileReference section */

/* Begin PBXFrameworksBuildPhase section */
		6AA0637C280A73F600EF63A5 /* Frameworks */ = {
			isa = PBXFrameworksBuildPhase;
			buildActionMask = 2147483647;
			files = (
			);
			runOnlyForDeploymentPostprocessing = 0;
		};
		6AA06397280A73F900EF63A5 /* Frameworks */ = {
			isa = PBXFrameworksBuildPhase;
			buildActionMask = 2147483647;
			files = (
			);
			runOnlyForDeploymentPostprocessing = 0;
		};
		6AA063A1280A73FA00EF63A5 /* Frameworks */ = {
			isa = PBXFrameworksBuildPhase;
			buildActionMask = 2147483647;
			files = (
			);
			runOnlyForDeploymentPostprocessing = 0;
		};
/* End PBXFrameworksBuildPhase section */

/* Begin PBXGroup section */
		6AA06376280A73F600EF63A5 = {
			isa = PBXGroup;
			children = (
				6AA06381280A73F600EF63A5 /* MediaDemo */,
				6AA0639D280A73FA00EF63A5 /* MediaDemoTests */,
				6AA063A7280A73FA00EF63A5 /* MediaDemoUITests */,
				6AA06380280A73F600EF63A5 /* Products */,
				6ACB3C6B2B295C580091094A /* Frameworks */,
			);
			sourceTree = "<group>";
		};
		6AA06380280A73F600EF63A5 /* Products */ = {
			isa = PBXGroup;
			children = (
				6AA0637F280A73F600EF63A5 /* MediaDemo.app */,
				6AA0639A280A73F900EF63A5 /* MediaDemoTests.xctest */,
				6AA063A4280A73FA00EF63A5 /* MediaDemoUITests.xctest */,
			);
			name = Products;
			sourceTree = "<group>";
		};
		6AA06381280A73F600EF63A5 /* MediaDemo */ = {
			isa = PBXGroup;
			children = (
				6AA06382280A73F600EF63A5 /* AppDelegate.h */,
				6AA06383280A73F600EF63A5 /* AppDelegate.m */,
				6AA06385280A73F600EF63A5 /* SceneDelegate.h */,
				6AA06386280A73F600EF63A5 /* SceneDelegate.m */,
				6AA06388280A73F600EF63A5 /* ViewController.h */,
				6AA06389280A73F600EF63A5 /* ViewController.m */,
				6AAF2FD82B3D05A700EC295A /* AudioUnitController.h */,
				6AAF2FD92B3D05A700EC295A /* AudioUnitController.m */,
				6AAF2FDA2B3D05A700EC295A /* AudioUnitController.xib */,
				6AAF2FDD2B3D05D500EC295A /* AudioUnitGraphController.h */,
				6AAF2FDE2B3D05D500EC295A /* AudioUnitGraphController.m */,
				6AAF2FDF2B3D05D500EC295A /* AudioUnitGraphController.xib */,
				6AAF2FD62B3D054A00EC295A /* AuidoUnit */,
				6AE21A262B3D1AF60054A817 /* FileManger */,
				6AE21A2D2B3D69800054A817 /* QCHUD */,
				6AAF2FD72B3D056500EC295A /* Source */,
				6ACB3C6E2B295C770091094A /* SoundTouch */,
				6AA0638B280A73F600EF63A5 /* Main.storyboard */,
				6AA0638E280A73F900EF63A5 /* Assets.xcassets */,
				6AA06390280A73F900EF63A5 /* LaunchScreen.storyboard */,
				6AA06393280A73F900EF63A5 /* Info.plist */,
				6AA06394280A73F900EF63A5 /* main.m */,
				6AE21A2C2B3D4E330054A817 /* PrefixHeader.pch */,
				6AD135832B858E6000EB8C02 /* TestViewController.h */,
				6AD135842B858E6000EB8C02 /* TestViewController.m */,
				6AD135852B858E6000EB8C02 /* TestViewController.xib */,
			);
			path = MediaDemo;
			sourceTree = "<group>";
		};
		6AA0639D280A73FA00EF63A5 /* MediaDemoTests */ = {
			isa = PBXGroup;
			children = (
				6AA0639E280A73FA00EF63A5 /* MediaDemoTests.m */,
			);
			path = MediaDemoTests;
			sourceTree = "<group>";
		};
		6AA063A7280A73FA00EF63A5 /* MediaDemoUITests */ = {
			isa = PBXGroup;
			children = (
				6AA063A8280A73FA00EF63A5 /* MediaDemoUITests.m */,
				6AA063AA280A73FA00EF63A5 /* MediaDemoUITestsLaunchTests.m */,
			);
			path = MediaDemoUITests;
			sourceTree = "<group>";
		};
		6AAF2FD62B3D054A00EC295A /* AuidoUnit */ = {
			isa = PBXGroup;
			children = (
				6AA063B8280A741E00EF63A5 /* CMAuidoPlayer_PCM.h */,
				6AA063B7280A741E00EF63A5 /* CMAuidoPlayer_PCM.m */,
				6AA063BB280A743D00EF63A5 /* CMAudioSession_PCM.h */,
				6AA063BA280A743D00EF63A5 /* CMAudioSession_PCM.m */,
				6AB3F3162B32C18400EAC254 /* CMAudioSessionMixer.h */,
				6AB3F3172B32C18400EAC254 /* CMAudioSessionMixer.m */,
			);
			path = AuidoUnit;
			sourceTree = "<group>";
		};
		6AAF2FD72B3D056500EC295A /* Source */ = {
			isa = PBXGroup;
			children = (
				6AF245A52BA19F300013FF4F /* record.pcm */,
				6AAF4EB92963216600EB8088 /* Auido_8000.pcm */,
				6AAF4EB82963216600EB8088 /* Auido_44100.pcm */,
			);
			path = Source;
			sourceTree = "<group>";
		};
		6ACB3C6B2B295C580091094A /* Frameworks */ = {
			isa = PBXGroup;
			children = (
			);
			name = Frameworks;
			sourceTree = "<group>";
		};
		6ACB3C6E2B295C770091094A /* SoundTouch */ = {
			isa = PBXGroup;
			children = (
				6ACB3CBB2B2A93330091094A /* include */,
				6ACB3CB72B2A93330091094A /* AAFilter.cpp */,
				6ACB3CC32B2A93330091094A /* AAFilter.h */,
				6ACB3CCD2B2A93330091094A /* BPMDetect.cpp */,
				6ACB3CC42B2A93330091094A /* cpu_detect_x86.cpp */,
				6ACB3CC22B2A93330091094A /* cpu_detect.h */,
				6ACB3CC62B2A93330091094A /* FIFOSampleBuffer.cpp */,
				6ACB3CC72B2A93330091094A /* FIRFilter.cpp */,
				6ACB3CC82B2A93330091094A /* FIRFilter.h */,
				6ACB3CB62B2A93330091094A /* InterpolateCubic.cpp */,
				6ACB3CC92B2A93330091094A /* InterpolateCubic.h */,
				6ACB3CB42B2A93330091094A /* InterpolateLinear.cpp */,
				6ACB3CD12B2A93330091094A /* InterpolateLinear.h */,
				6ACB3CD02B2A93330091094A /* InterpolateShannon.cpp */,
				6ACB3CBA2B2A93330091094A /* InterpolateShannon.h */,
				6ACB3CCA2B2A93330091094A /* mmx_optimized.cpp */,
				6ACB3CC52B2A93330091094A /* PeakFinder.cpp */,
				6ACB3CCE2B2A93330091094A /* PeakFinder.h */,
				6ACB3CCB2B2A93330091094A /* RateTransposer.cpp */,
				6ACB3CCF2B2A93330091094A /* RateTransposer.h */,
				6ACB3CCC2B2A93330091094A /* SoundTouch.cpp */,
				6ACB3CB82B2A93330091094A /* sse_optimized.cpp */,
				6ACB3CB92B2A93330091094A /* TDStretch.cpp */,
				6ACB3CB52B2A93330091094A /* TDStretch.h */,
			);
			path = SoundTouch;
			sourceTree = "<group>";
		};
		6ACB3CBB2B2A93330091094A /* include */ = {
			isa = PBXGroup;
			children = (
				6ACB3CBC2B2A93330091094A /* FIFOSampleBuffer.h */,
				6ACB3CBD2B2A93330091094A /* STTypes.h */,
				6ACB3CBE2B2A93330091094A /* BPMDetect.h */,
				6ACB3CBF2B2A93330091094A /* SoundTouch.h */,
				6ACB3CC02B2A93330091094A /* soundtouch_config.h */,
				6ACB3CC12B2A93330091094A /* FIFOSamplePipe.h */,
			);
			path = include;
			sourceTree = "<group>";
		};
		6AE21A262B3D1AF60054A817 /* FileManger */ = {
			isa = PBXGroup;
			children = (
				6AE21A272B3D1B220054A817 /* AudioFileManager.h */,
				6AE21A282B3D1B220054A817 /* AudioFileManager.m */,
			);
			path = FileManger;
			sourceTree = "<group>";
		};
		6AE21A2D2B3D69800054A817 /* QCHUD */ = {
			isa = PBXGroup;
			children = (
				6AE21A322B3D69810054A817 /* UIView+QCHUD.h */,
				6AE21A2F2B3D69800054A817 /* UIView+QCHUD.m */,
				6AE21A302B3D69800054A817 /* QCHUDTool.h */,
				6AE21A332B3D69810054A817 /* QCHUDTool.m */,
				6AE21A312B3D69810054A817 /* QCHUDView.h */,
				6AE21A2E2B3D69800054A817 /* QCHUDView.m */,
			);
			path = QCHUD;
			sourceTree = "<group>";
		};
/* End PBXGroup section */

/* Begin PBXNativeTarget section */
		6AA0637E280A73F600EF63A5 /* MediaDemo */ = {
			isa = PBXNativeTarget;
			buildConfigurationList = 6AA063AE280A73FA00EF63A5 /* Build configuration list for PBXNativeTarget "MediaDemo" */;
			buildPhases = (
				6AA0637B280A73F600EF63A5 /* Sources */,
				6AA0637C280A73F600EF63A5 /* Frameworks */,
				6AA0637D280A73F600EF63A5 /* Resources */,
			);
			buildRules = (
			);
			dependencies = (
			);
			name = MediaDemo;
			productName = MediaDemo;
			productReference = 6AA0637F280A73F600EF63A5 /* MediaDemo.app */;
			productType = "com.apple.product-type.application";
		};
		6AA06399280A73F900EF63A5 /* MediaDemoTests */ = {
			isa = PBXNativeTarget;
			buildConfigurationList = 6AA063B1280A73FA00EF63A5 /* Build configuration list for PBXNativeTarget "MediaDemoTests" */;
			buildPhases = (
				6AA06396280A73F900EF63A5 /* Sources */,
				6AA06397280A73F900EF63A5 /* Frameworks */,
				6AA06398280A73F900EF63A5 /* Resources */,
			);
			buildRules = (
			);
			dependencies = (
				6AA0639C280A73FA00EF63A5 /* PBXTargetDependency */,
			);
			name = MediaDemoTests;
			productName = MediaDemoTests;
			productReference = 6AA0639A280A73F900EF63A5 /* MediaDemoTests.xctest */;
			productType = "com.apple.product-type.bundle.unit-test";
		};
		6AA063A3280A73FA00EF63A5 /* MediaDemoUITests */ = {
			isa = PBXNativeTarget;
			buildConfigurationList = 6AA063B4280A73FA00EF63A5 /* Build configuration list for PBXNativeTarget "MediaDemoUITests" */;
			buildPhases = (
				6AA063A0280A73FA00EF63A5 /* Sources */,
				6AA063A1280A73FA00EF63A5 /* Frameworks */,
				6AA063A2280A73FA00EF63A5 /* Resources */,
			);
			buildRules = (
			);
			dependencies = (
				6AA063A6280A73FA00EF63A5 /* PBXTargetDependency */,
			);
			name = MediaDemoUITests;
			productName = MediaDemoUITests;
			productReference = 6AA063A4280A73FA00EF63A5 /* MediaDemoUITests.xctest */;
			productType = "com.apple.product-type.bundle.ui-testing";
		};
/* End PBXNativeTarget section */

/* Begin PBXProject section */
		6AA06377280A73F600EF63A5 /* Project object */ = {
			isa = PBXProject;
			attributes = {
				BuildIndependentTargetsInParallel = 1;
				LastUpgradeCheck = 1310;
				TargetAttributes = {
					6AA0637E280A73F600EF63A5 = {
						CreatedOnToolsVersion = 13.1;
					};
					6AA06399280A73F900EF63A5 = {
						CreatedOnToolsVersion = 13.1;
						TestTargetID = 6AA0637E280A73F600EF63A5;
					};
					6AA063A3280A73FA00EF63A5 = {
						CreatedOnToolsVersion = 13.1;
						TestTargetID = 6AA0637E280A73F600EF63A5;
					};
				};
			};
			buildConfigurationList = 6AA0637A280A73F600EF63A5 /* Build configuration list for PBXProject "MediaDemo" */;
			compatibilityVersion = "Xcode 13.0";
			developmentRegion = en;
			hasScannedForEncodings = 0;
			knownRegions = (
				en,
				Base,
			);
			mainGroup = 6AA06376280A73F600EF63A5;
			productRefGroup = 6AA06380280A73F600EF63A5 /* Products */;
			projectDirPath = "";
			projectRoot = "";
			targets = (
				6AA0637E280A73F600EF63A5 /* MediaDemo */,
				6AA06399280A73F900EF63A5 /* MediaDemoTests */,
				6AA063A3280A73FA00EF63A5 /* MediaDemoUITests */,
			);
		};
/* End PBXProject section */

/* Begin PBXResourcesBuildPhase section */
		6AA0637D280A73F600EF63A5 /* Resources */ = {
			isa = PBXResourcesBuildPhase;
			buildActionMask = 2147483647;
			files = (
				6AAF2FDC2B3D05A700EC295A /* AudioUnitController.xib in Resources */,
				6AA06392280A73F900EF63A5 /* LaunchScreen.storyboard in Resources */,
				6AA0638F280A73F900EF63A5 /* Assets.xcassets in Resources */,
				6AAF2FE12B3D05D500EC295A /* AudioUnitGraphController.xib in Resources */,
				6AA0638D280A73F600EF63A5 /* Main.storyboard in Resources */,
				6AF245A62BA19F300013FF4F /* record.pcm in Resources */,
				6AAF4EBB2963216600EB8088 /* Auido_8000.pcm in Resources */,
				6AD135872B858E6000EB8C02 /* TestViewController.xib in Resources */,
				6AAF4EBA2963216600EB8088 /* Auido_44100.pcm in Resources */,
			);
			runOnlyForDeploymentPostprocessing = 0;
		};
		6AA06398280A73F900EF63A5 /* Resources */ = {
			isa = PBXResourcesBuildPhase;
			buildActionMask = 2147483647;
			files = (
			);
			runOnlyForDeploymentPostprocessing = 0;
		};
		6AA063A2280A73FA00EF63A5 /* Resources */ = {
			isa = PBXResourcesBuildPhase;
			buildActionMask = 2147483647;
			files = (
			);
			runOnlyForDeploymentPostprocessing = 0;
		};
/* End PBXResourcesBuildPhase section */

/* Begin PBXSourcesBuildPhase section */
		6AA0637B280A73F600EF63A5 /* Sources */ = {
			isa = PBXSourcesBuildPhase;
			buildActionMask = 2147483647;
			files = (
				6ACB3CD82B2A93330091094A /* PeakFinder.cpp in Sources */,
				6ACB3CD72B2A93330091094A /* cpu_detect_x86.cpp in Sources */,
				6AD135862B858E6000EB8C02 /* TestViewController.m in Sources */,
				6AA063BC280A743D00EF63A5 /* CMAudioSession_PCM.m in Sources */,
				6ACB3CDA2B2A93330091094A /* FIRFilter.cpp in Sources */,
				6ACB3CDC2B2A93330091094A /* RateTransposer.cpp in Sources */,
				6ACB3CDD2B2A93330091094A /* SoundTouch.cpp in Sources */,
				6AA063B9280A741E00EF63A5 /* CMAuidoPlayer_PCM.m in Sources */,
				6ACB3CD32B2A93330091094A /* InterpolateCubic.cpp in Sources */,
				6ACB3CD52B2A93330091094A /* sse_optimized.cpp in Sources */,
				6ACB3CDE2B2A93330091094A /* BPMDetect.cpp in Sources */,
				6AE21A352B3D69810054A817 /* UIView+QCHUD.m in Sources */,
				6AE21A292B3D1B220054A817 /* AudioFileManager.m in Sources */,
				6AAF2FDB2B3D05A700EC295A /* AudioUnitController.m in Sources */,
				6AB3F3182B32C18400EAC254 /* CMAudioSessionMixer.m in Sources */,
				6ACB3CD62B2A93330091094A /* TDStretch.cpp in Sources */,
				6ACB3CDB2B2A93330091094A /* mmx_optimized.cpp in Sources */,
				6AA0638A280A73F600EF63A5 /* ViewController.m in Sources */,
				6AA06384280A73F600EF63A5 /* AppDelegate.m in Sources */,
				6AA06395280A73F900EF63A5 /* main.m in Sources */,
				6AE21A362B3D69810054A817 /* QCHUDTool.m in Sources */,
				6ACB3CD42B2A93330091094A /* AAFilter.cpp in Sources */,
				6ACB3CD92B2A93330091094A /* FIFOSampleBuffer.cpp in Sources */,
				6AA06387280A73F600EF63A5 /* SceneDelegate.m in Sources */,
				6ACB3CD22B2A93330091094A /* InterpolateLinear.cpp in Sources */,
				6AAF2FE02B3D05D500EC295A /* AudioUnitGraphController.m in Sources */,
				6ACB3CDF2B2A93330091094A /* InterpolateShannon.cpp in Sources */,
				6AE21A342B3D69810054A817 /* QCHUDView.m in Sources */,
			);
			runOnlyForDeploymentPostprocessing = 0;
		};
		6AA06396280A73F900EF63A5 /* Sources */ = {
			isa = PBXSourcesBuildPhase;
			buildActionMask = 2147483647;
			files = (
				6AA0639F280A73FA00EF63A5 /* MediaDemoTests.m in Sources */,
			);
			runOnlyForDeploymentPostprocessing = 0;
		};
		6AA063A0280A73FA00EF63A5 /* Sources */ = {
			isa = PBXSourcesBuildPhase;
			buildActionMask = 2147483647;
			files = (
				6AA063AB280A73FA00EF63A5 /* MediaDemoUITestsLaunchTests.m in Sources */,
				6AA063A9280A73FA00EF63A5 /* MediaDemoUITests.m in Sources */,
			);
			runOnlyForDeploymentPostprocessing = 0;
		};
/* End PBXSourcesBuildPhase section */

/* Begin PBXTargetDependency section */
		6AA0639C280A73FA00EF63A5 /* PBXTargetDependency */ = {
			isa = PBXTargetDependency;
			target = 6AA0637E280A73F600EF63A5 /* MediaDemo */;
			targetProxy = 6AA0639B280A73FA00EF63A5 /* PBXContainerItemProxy */;
		};
		6AA063A6280A73FA00EF63A5 /* PBXTargetDependency */ = {
			isa = PBXTargetDependency;
			target = 6AA0637E280A73F600EF63A5 /* MediaDemo */;
			targetProxy = 6AA063A5280A73FA00EF63A5 /* PBXContainerItemProxy */;
		};
/* End PBXTargetDependency section */

/* Begin PBXVariantGroup section */
		6AA0638B280A73F600EF63A5 /* Main.storyboard */ = {
			isa = PBXVariantGroup;
			children = (
				6AA0638C280A73F600EF63A5 /* Base */,
			);
			name = Main.storyboard;
			sourceTree = "<group>";
		};
		6AA06390280A73F900EF63A5 /* LaunchScreen.storyboard */ = {
			isa = PBXVariantGroup;
			children = (
				6AA06391280A73F900EF63A5 /* Base */,
			);
			name = LaunchScreen.storyboard;
			sourceTree = "<group>";
		};
/* End PBXVariantGroup section */

/* Begin XCBuildConfiguration section */
		6AA063AC280A73FA00EF63A5 /* Debug */ = {
			isa = XCBuildConfiguration;
			buildSettings = {
				ALWAYS_SEARCH_USER_PATHS = NO;
				CLANG_ANALYZER_NONNULL = YES;
				CLANG_ANALYZER_NUMBER_OBJECT_CONVERSION = YES_AGGRESSIVE;
				CLANG_CXX_LANGUAGE_STANDARD = "gnu++17";
				CLANG_CXX_LIBRARY = "libc++";
				CLANG_ENABLE_MODULES = YES;
				CLANG_ENABLE_OBJC_ARC = YES;
				CLANG_ENABLE_OBJC_WEAK = YES;
				CLANG_WARN_BLOCK_CAPTURE_AUTORELEASING = YES;
				CLANG_WARN_BOOL_CONVERSION = YES;
				CLANG_WARN_COMMA = YES;
				CLANG_WARN_CONSTANT_CONVERSION = YES;
				CLANG_WARN_DEPRECATED_OBJC_IMPLEMENTATIONS = YES;
				CLANG_WARN_DIRECT_OBJC_ISA_USAGE = YES_ERROR;
				CLANG_WARN_DOCUMENTATION_COMMENTS = YES;
				CLANG_WARN_EMPTY_BODY = YES;
				CLANG_WARN_ENUM_CONVERSION = YES;
				CLANG_WARN_INFINITE_RECURSION = YES;
				CLANG_WARN_INT_CONVERSION = YES;
				CLANG_WARN_NON_LITERAL_NULL_CONVERSION = YES;
				CLANG_WARN_OBJC_IMPLICIT_RETAIN_SELF = YES;
				CLANG_WARN_OBJC_LITERAL_CONVERSION = YES;
				CLANG_WARN_OBJC_ROOT_CLASS = YES_ERROR;
				CLANG_WARN_QUOTED_INCLUDE_IN_FRAMEWORK_HEADER = YES;
				CLANG_WARN_RANGE_LOOP_ANALYSIS = YES;
				CLANG_WARN_STRICT_PROTOTYPES = YES;
				CLANG_WARN_SUSPICIOUS_MOVE = YES;
				CLANG_WARN_UNGUARDED_AVAILABILITY = YES_AGGRESSIVE;
				CLANG_WARN_UNREACHABLE_CODE = YES;
				CLANG_WARN__DUPLICATE_METHOD_MATCH = YES;
				COPY_PHASE_STRIP = NO;
				DEBUG_INFORMATION_FORMAT = dwarf;
				ENABLE_STRICT_OBJC_MSGSEND = YES;
				ENABLE_TESTABILITY = YES;
				GCC_C_LANGUAGE_STANDARD = gnu11;
				GCC_DYNAMIC_NO_PIC = NO;
				GCC_NO_COMMON_BLOCKS = YES;
				GCC_OPTIMIZATION_LEVEL = 0;
				GCC_PREPROCESSOR_DEFINITIONS = (
					"DEBUG=1",
					"$(inherited)",
				);
				GCC_WARN_64_TO_32_BIT_CONVERSION = YES;
				GCC_WARN_ABOUT_RETURN_TYPE = YES_ERROR;
				GCC_WARN_UNDECLARED_SELECTOR = YES;
				GCC_WARN_UNINITIALIZED_AUTOS = YES_AGGRESSIVE;
				GCC_WARN_UNUSED_FUNCTION = YES;
				GCC_WARN_UNUSED_VARIABLE = YES;
				IPHONEOS_DEPLOYMENT_TARGET = 13.0;
				MTL_ENABLE_DEBUG_INFO = INCLUDE_SOURCE;
				MTL_FAST_MATH = YES;
				ONLY_ACTIVE_ARCH = YES;
				SDKROOT = iphoneos;
			};
			name = Debug;
		};
		6AA063AD280A73FA00EF63A5 /* Release */ = {
			isa = XCBuildConfiguration;
			buildSettings = {
				ALWAYS_SEARCH_USER_PATHS = NO;
				CLANG_ANALYZER_NONNULL = YES;
				CLANG_ANALYZER_NUMBER_OBJECT_CONVERSION = YES_AGGRESSIVE;
				CLANG_CXX_LANGUAGE_STANDARD = "gnu++17";
				CLANG_CXX_LIBRARY = "libc++";
				CLANG_ENABLE_MODULES = YES;
				CLANG_ENABLE_OBJC_ARC = YES;
				CLANG_ENABLE_OBJC_WEAK = YES;
				CLANG_WARN_BLOCK_CAPTURE_AUTORELEASING = YES;
				CLANG_WARN_BOOL_CONVERSION = YES;
				CLANG_WARN_COMMA = YES;
				CLANG_WARN_CONSTANT_CONVERSION = YES;
				CLANG_WARN_DEPRECATED_OBJC_IMPLEMENTATIONS = YES;
				CLANG_WARN_DIRECT_OBJC_ISA_USAGE = YES_ERROR;
				CLANG_WARN_DOCUMENTATION_COMMENTS = YES;
				CLANG_WARN_EMPTY_BODY = YES;
				CLANG_WARN_ENUM_CONVERSION = YES;
				CLANG_WARN_INFINITE_RECURSION = YES;
				CLANG_WARN_INT_CONVERSION = YES;
				CLANG_WARN_NON_LITERAL_NULL_CONVERSION = YES;
				CLANG_WARN_OBJC_IMPLICIT_RETAIN_SELF = YES;
				CLANG_WARN_OBJC_LITERAL_CONVERSION = YES;
				CLANG_WARN_OBJC_ROOT_CLASS = YES_ERROR;
				CLANG_WARN_QUOTED_INCLUDE_IN_FRAMEWORK_HEADER = YES;
				CLANG_WARN_RANGE_LOOP_ANALYSIS = YES;
				CLANG_WARN_STRICT_PROTOTYPES = YES;
				CLANG_WARN_SUSPICIOUS_MOVE = YES;
				CLANG_WARN_UNGUARDED_AVAILABILITY = YES_AGGRESSIVE;
				CLANG_WARN_UNREACHABLE_CODE = YES;
				CLANG_WARN__DUPLICATE_METHOD_MATCH = YES;
				COPY_PHASE_STRIP = NO;
				DEBUG_INFORMATION_FORMAT = "dwarf-with-dsym";
				ENABLE_NS_ASSERTIONS = NO;
				ENABLE_STRICT_OBJC_MSGSEND = YES;
				GCC_C_LANGUAGE_STANDARD = gnu11;
				GCC_NO_COMMON_BLOCKS = YES;
				GCC_WARN_64_TO_32_BIT_CONVERSION = YES;
				GCC_WARN_ABOUT_RETURN_TYPE = YES_ERROR;
				GCC_WARN_UNDECLARED_SELECTOR = YES;
				GCC_WARN_UNINITIALIZED_AUTOS = YES_AGGRESSIVE;
				GCC_WARN_UNUSED_FUNCTION = YES;
				GCC_WARN_UNUSED_VARIABLE = YES;
				IPHONEOS_DEPLOYMENT_TARGET = 13.0;
				MTL_ENABLE_DEBUG_INFO = NO;
				MTL_FAST_MATH = YES;
				SDKROOT = iphoneos;
				VALIDATE_PRODUCT = YES;
			};
			name = Release;
		};
		6AA063AF280A73FA00EF63A5 /* Debug */ = {
			isa = XCBuildConfiguration;
			buildSettings = {
				ASSETCATALOG_COMPILER_APPICON_NAME = AppIcon;
				ASSETCATALOG_COMPILER_GLOBAL_ACCENT_COLOR_NAME = AccentColor;
				CODE_SIGN_STYLE = Automatic;
				CURRENT_PROJECT_VERSION = 1;
				DEVELOPMENT_TEAM = UND7VYB869;
				GCC_PRECOMPILE_PREFIX_HEADER = YES;
				GCC_PREFIX_HEADER = "$(SRCROOT)/MediaDemo/PrefixHeader.pch";
				GENERATE_INFOPLIST_FILE = YES;
				HEADER_SEARCH_PATHS = (
					"$(inherited)",
					"$(PROJECT_DIR)/MediaDemo/SoundTouch",
				);
				INFOPLIST_FILE = MediaDemo/Info.plist;
				INFOPLIST_KEY_NSMicrophoneUsageDescription = "需要使用Mic";
				INFOPLIST_KEY_UIApplicationSupportsIndirectInputEvents = YES;
				INFOPLIST_KEY_UILaunchStoryboardName = LaunchScreen;
				INFOPLIST_KEY_UIMainStoryboardFile = Main;
				INFOPLIST_KEY_UISupportedInterfaceOrientations_iPad = "UIInterfaceOrientationPortrait UIInterfaceOrientationPortraitUpsideDown UIInterfaceOrientationLandscapeLeft UIInterfaceOrientationLandscapeRight";
				INFOPLIST_KEY_UISupportedInterfaceOrientations_iPhone = "UIInterfaceOrientationPortrait UIInterfaceOrientationLandscapeLeft UIInterfaceOrientationLandscapeRight";
				LD_RUNPATH_SEARCH_PATHS = (
					"$(inherited)",
					"@executable_path/Frameworks",
					"@loader_path/Frameworks",
				);
				LIBRARY_SEARCH_PATHS = (
					"$(inherited)",
					"$(PROJECT_DIR)/MediaDemo/SoundTouch",
				);
				MARKETING_VERSION = 1.0;
				OTHER_LDFLAGS = "";
				PRODUCT_BUNDLE_IDENTIFIER = ColdMountain.MediaDemo;
				PRODUCT_NAME = "$(TARGET_NAME)";
				SWIFT_EMIT_LOC_STRINGS = YES;
				TARGETED_DEVICE_FAMILY = "1,2";
			};
			name = Debug;
		};
		6AA063B0280A73FA00EF63A5 /* Release */ = {
			isa = XCBuildConfiguration;
			buildSettings = {
				ASSETCATALOG_COMPILER_APPICON_NAME = AppIcon;
				ASSETCATALOG_COMPILER_GLOBAL_ACCENT_COLOR_NAME = AccentColor;
				CODE_SIGN_STYLE = Automatic;
				CURRENT_PROJECT_VERSION = 1;
				DEVELOPMENT_TEAM = UND7VYB869;
				GCC_PRECOMPILE_PREFIX_HEADER = YES;
				GCC_PREFIX_HEADER = "$(SRCROOT)/MediaDemo/PrefixHeader.pch";
				GENERATE_INFOPLIST_FILE = YES;
				HEADER_SEARCH_PATHS = (
					"$(inherited)",
					"$(PROJECT_DIR)/MediaDemo/SoundTouch",
				);
				INFOPLIST_FILE = MediaDemo/Info.plist;
				INFOPLIST_KEY_NSMicrophoneUsageDescription = "需要使用Mic";
				INFOPLIST_KEY_UIApplicationSupportsIndirectInputEvents = YES;
				INFOPLIST_KEY_UILaunchStoryboardName = LaunchScreen;
				INFOPLIST_KEY_UIMainStoryboardFile = Main;
				INFOPLIST_KEY_UISupportedInterfaceOrientations_iPad = "UIInterfaceOrientationPortrait UIInterfaceOrientationPortraitUpsideDown UIInterfaceOrientationLandscapeLeft UIInterfaceOrientationLandscapeRight";
				INFOPLIST_KEY_UISupportedInterfaceOrientations_iPhone = "UIInterfaceOrientationPortrait UIInterfaceOrientationLandscapeLeft UIInterfaceOrientationLandscapeRight";
				LD_RUNPATH_SEARCH_PATHS = (
					"$(inherited)",
					"@executable_path/Frameworks",
					"@loader_path/Frameworks",
				);
				LIBRARY_SEARCH_PATHS = (
					"$(inherited)",
					"$(PROJECT_DIR)/MediaDemo/SoundTouch",
				);
				MARKETING_VERSION = 1.0;
				OTHER_LDFLAGS = "";
				PRODUCT_BUNDLE_IDENTIFIER = ColdMountain.MediaDemo;
				PRODUCT_NAME = "$(TARGET_NAME)";
				SWIFT_EMIT_LOC_STRINGS = YES;
				TARGETED_DEVICE_FAMILY = "1,2";
			};
			name = Release;
		};
		6AA063B2280A73FA00EF63A5 /* Debug */ = {
			isa = XCBuildConfiguration;
			buildSettings = {
				BUNDLE_LOADER = "$(TEST_HOST)";
				CODE_SIGN_STYLE = Automatic;
				CURRENT_PROJECT_VERSION = 1;
				DEVELOPMENT_TEAM = 4D49NLC4WA;
				GENERATE_INFOPLIST_FILE = YES;
				IPHONEOS_DEPLOYMENT_TARGET = 15.0;
				LD_RUNPATH_SEARCH_PATHS = (
					"$(inherited)",
					"@executable_path/Frameworks",
					"@loader_path/Frameworks",
				);
				MARKETING_VERSION = 1.0;
				PRODUCT_BUNDLE_IDENTIFIER = ColdMountain.MediaDemoTests;
				PRODUCT_NAME = "$(TARGET_NAME)";
				SWIFT_EMIT_LOC_STRINGS = NO;
				TARGETED_DEVICE_FAMILY = "1,2";
				TEST_HOST = "$(BUILT_PRODUCTS_DIR)/MediaDemo.app/MediaDemo";
			};
			name = Debug;
		};
		6AA063B3280A73FA00EF63A5 /* Release */ = {
			isa = XCBuildConfiguration;
			buildSettings = {
				BUNDLE_LOADER = "$(TEST_HOST)";
				CODE_SIGN_STYLE = Automatic;
				CURRENT_PROJECT_VERSION = 1;
				DEVELOPMENT_TEAM = 4D49NLC4WA;
				GENERATE_INFOPLIST_FILE = YES;
				IPHONEOS_DEPLOYMENT_TARGET = 15.0;
				LD_RUNPATH_SEARCH_PATHS = (
					"$(inherited)",
					"@executable_path/Frameworks",
					"@loader_path/Frameworks",
				);
				MARKETING_VERSION = 1.0;
				PRODUCT_BUNDLE_IDENTIFIER = ColdMountain.MediaDemoTests;
				PRODUCT_NAME = "$(TARGET_NAME)";
				SWIFT_EMIT_LOC_STRINGS = NO;
				TARGETED_DEVICE_FAMILY = "1,2";
				TEST_HOST = "$(BUILT_PRODUCTS_DIR)/MediaDemo.app/MediaDemo";
			};
			name = Release;
		};
		6AA063B5280A73FA00EF63A5 /* Debug */ = {
			isa = XCBuildConfiguration;
			buildSettings = {
				CODE_SIGN_STYLE = Automatic;
				CURRENT_PROJECT_VERSION = 1;
				DEVELOPMENT_TEAM = 4D49NLC4WA;
				GENERATE_INFOPLIST_FILE = YES;
				LD_RUNPATH_SEARCH_PATHS = (
					"$(inherited)",
					"@executable_path/Frameworks",
					"@loader_path/Frameworks",
				);
				MARKETING_VERSION = 1.0;
				PRODUCT_BUNDLE_IDENTIFIER = ColdMountain.MediaDemoUITests;
				PRODUCT_NAME = "$(TARGET_NAME)";
				SWIFT_EMIT_LOC_STRINGS = NO;
				TARGETED_DEVICE_FAMILY = "1,2";
				TEST_TARGET_NAME = MediaDemo;
			};
			name = Debug;
		};
		6AA063B6280A73FA00EF63A5 /* Release */ = {
			isa = XCBuildConfiguration;
			buildSettings = {
				CODE_SIGN_STYLE = Automatic;
				CURRENT_PROJECT_VERSION = 1;
				DEVELOPMENT_TEAM = 4D49NLC4WA;
				GENERATE_INFOPLIST_FILE = YES;
				LD_RUNPATH_SEARCH_PATHS = (
					"$(inherited)",
					"@executable_path/Frameworks",
					"@loader_path/Frameworks",
				);
				MARKETING_VERSION = 1.0;
				PRODUCT_BUNDLE_IDENTIFIER = ColdMountain.MediaDemoUITests;
				PRODUCT_NAME = "$(TARGET_NAME)";
				SWIFT_EMIT_LOC_STRINGS = NO;
				TARGETED_DEVICE_FAMILY = "1,2";
				TEST_TARGET_NAME = MediaDemo;
			};
			name = Release;
		};
/* End XCBuildConfiguration section */

/* Begin XCConfigurationList section */
		6AA0637A280A73F600EF63A5 /* Build configuration list for PBXProject "MediaDemo" */ = {
			isa = XCConfigurationList;
			buildConfigurations = (
				6AA063AC280A73FA00EF63A5 /* Debug */,
				6AA063AD280A73FA00EF63A5 /* Release */,
			);
			defaultConfigurationIsVisible = 0;
			defaultConfigurationName = Release;
		};
		6AA063AE280A73FA00EF63A5 /* Build configuration list for PBXNativeTarget "MediaDemo" */ = {
			isa = XCConfigurationList;
			buildConfigurations = (
				6AA063AF280A73FA00EF63A5 /* Debug */,
				6AA063B0280A73FA00EF63A5 /* Release */,
			);
			defaultConfigurationIsVisible = 0;
			defaultConfigurationName = Release;
		};
		6AA063B1280A73FA00EF63A5 /* Build configuration list for PBXNativeTarget "MediaDemoTests" */ = {
			isa = XCConfigurationList;
			buildConfigurations = (
				6AA063B2280A73FA00EF63A5 /* Debug */,
				6AA063B3280A73FA00EF63A5 /* Release */,
			);
			defaultConfigurationIsVisible = 0;
			defaultConfigurationName = Release;
		};
		6AA063B4280A73FA00EF63A5 /* Build configuration list for PBXNativeTarget "MediaDemoUITests" */ = {
			isa = XCConfigurationList;
			buildConfigurations = (
				6AA063B5280A73FA00EF63A5 /* Debug */,
				6AA063B6280A73FA00EF63A5 /* Release */,
			);
			defaultConfigurationIsVisible = 0;
			defaultConfigurationName = Release;
		};
/* End XCConfigurationList section */
	};
	rootObject = 6AA06377280A73F600EF63A5 /* Project object */;
}
